<?xml version="1.0" encoding="utf-8"?>
<Project ToolsVersion="4.0" xmlns="http://schemas.microsoft.com/developer/msbuild/2003">
  <ItemGroup>
    <Filter Include="Startup Files">
      <UniqueIdentifier>{3cbf160f-3dbb-4162-af0d-e8159f9778ff}</UniqueIdentifier>
    </Filter>
    <Filter Include="EditorGame Files">
      <UniqueIdentifier>{f10991c2-3a38-4825-bea0-f6bdaa2ca043}</UniqueIdentifier>
    </Filter>
    <Filter Include="Game Files">
      <UniqueIdentifier>{574a7f99-de83-4932-bedd-832106cf565b}</UniqueIdentifier>
    </Filter>
    <Filter Include="Utility">
      <UniqueIdentifier>{de414a49-1540-4c52-a90f-bbb6c2d13957}</UniqueIdentifier>
    </Filter>
    <Filter Include="Audio Files">
      <UniqueIdentifier>{7b068f8a-4e37-47de-aa7f-18f123feaa53}</UniqueIdentifier>
    </Filter>
    <Filter Include="GameToken">
      <UniqueIdentifier>{a374aab6-582f-4301-a4d0-40cffab22626}</UniqueIdentifier>
    </Filter>
    <Filter Include="GameRules">
      <UniqueIdentifier>{cac6e1d2-4b92-4e8c-b687-f82b3de968a5}</UniqueIdentifier>
    </Filter>
  </ItemGroup>
  <ItemGroup>
    <ClCompile Include="GameDll.cpp">
      <Filter>Startup Files</Filter>
    </ClCompile>
    <ClCompile Include="GameStartup.cpp">
      <Filter>Startup Files</Filter>
    </ClCompile>
    <ClCompile Include="EditorGame.cpp">
      <Filter>EditorGame Files</Filter>
    </ClCompile>
    <ClCompile Include="CachedAIValues.cpp">
      <Filter>Game Files</Filter>
    </ClCompile>
    <ClCompile Include="ClientSynchedStorage.cpp">
      <Filter>Game Files</Filter>
    </ClCompile>
    <ClCompile Include="Game.cpp">
      <Filter>Game Files</Filter>
    </ClCompile>
    <ClCompile Include="GameActions.cpp">
      <Filter>Game Files</Filter>
    </ClCompile>
    <ClCompile Include="GameCVars.cpp">
      <Filter>Game Files</Filter>
    </ClCompile>
    <ClCompile Include="GameFactory.cpp">
      <Filter>Game Files</Filter>
    </ClCompile>
    <ClCompile Include="ScriptControlledPhysics.cpp">
      <Filter>Game Files</Filter>
    </ClCompile>
    <ClCompile Include="ServerSynchedStorage.cpp">
      <Filter>Game Files</Filter>
    </ClCompile>
    <ClCompile Include="SPAnalyst.cpp">
      <Filter>Game Files</Filter>
    </ClCompile>
    <ClCompile Include="SynchedStorage.cpp">
      <Filter>Game Files</Filter>
    </ClCompile>
    <ClCompile Include="AutoEnum.cpp">
      <Filter>Utility</Filter>
    </ClCompile>
    <ClCompile Include="Utility\CryWatch.cpp">
      <Filter>Utility</Filter>
    </ClCompile>
    <ClCompile Include="NetInputChainDebug.cpp">
      <Filter>Utility</Filter>
    </ClCompile>
    <ClCompile Include="ScriptUtils.cpp">
      <Filter>Utility</Filter>
    </ClCompile>
    <ClCompile Include="Utility\SingleAllocTextBlock.cpp">
      <Filter>Utility</Filter>
    </ClCompile>
    <ClCompile Include="StatsAgent.cpp">
      <Filter>Utility</Filter>
    </ClCompile>
    <ClCompile Include="Utility\StringUtils.cpp">
      <Filter>Utility</Filter>
    </ClCompile>
    <ClCompile Include="GameRules.cpp">
      <Filter>GameRules</Filter>
    </ClCompile>
    <ClCompile Include="GameRulesClientServer.cpp">
      <Filter>GameRules</Filter>
    </ClCompile>
    <ClCompile Include="Audio\BattleStatus.cpp">
      <Filter>Audio Files</Filter>
    </ClCompile>
    <ClCompile Include="Audio\GameAudio.cpp">
      <Filter>Audio Files</Filter>
    </ClCompile>
    <ClCompile Include="Audio\ScriptBind_GameAudio.cpp">
      <Filter>Audio Files</Filter>
    </ClCompile>
    <ClCompile Include="Audio\SoundMoods.cpp">
      <Filter>Audio Files</Filter>
    </ClCompile>
    <ClCompile Include="ClientGameTokenSynch.cpp">
      <Filter>GameToken</Filter>
    </ClCompile>
    <ClCompile Include="ServerGameTokenSynch.cpp">
      <Filter>GameToken</Filter>
    </ClCompile>
    <ClCompile Include="StdAfx.cpp" />
  </ItemGroup>
  <ItemGroup>
    <ClInclude Include="GameStartup.h">
      <Filter>Startup Files</Filter>
    </ClInclude>
    <ClInclude Include="EditorGame.h">
      <Filter>EditorGame Files</Filter>
    </ClInclude>
    <ClInclude Include="CachedAIValues.h">
      <Filter>Game Files</Filter>
    </ClInclude>
    <ClInclude Include="ClientSynchedStorage.h">
      <Filter>Game Files</Filter>
    </ClInclude>
    <ClInclude Include="Game.h">
      <Filter>Game Files</Filter>
    </ClInclude>
    <ClInclude Include="GameActions.h">
      <Filter>Game Files</Filter>
    </ClInclude>
    <ClInclude Include="GameCVars.h">
      <Filter>Game Files</Filter>
    </ClInclude>
    <ClInclude Include="GameFactory.h">
      <Filter>Game Files</Filter>
    </ClInclude>
    <ClInclude Include="ScriptControlledPhysics.h">
      <Filter>Game Files</Filter>
    </ClInclude>
    <ClInclude Include="ServerSynchedStorage.h">
      <Filter>Game Files</Filter>
    </ClInclude>
    <ClInclude Include="SPAnalyst.h">
      <Filter>Game Files</Filter>
    </ClInclude>
    <ClInclude Include="SynchedStorage.h">
      <Filter>Game Files</Filter>
    </ClInclude>
    <ClInclude Include="AutoEnum.h">
      <Filter>Utility</Filter>
    </ClInclude>
    <ClInclude Include="Utility\CryWatch.h">
      <Filter>Utility</Filter>
    </ClInclude>
    <ClInclude Include="NetInputChainDebug.h">
      <Filter>Utility</Filter>
    </ClInclude>
    <ClInclude Include="ScriptUtils.h">
      <Filter>Utility</Filter>
    </ClInclude>
    <ClInclude Include="Utility\SingleAllocTextBlock.h">
      <Filter>Utility</Filter>
    </ClInclude>
    <ClInclude Include="StatsAgent.h">
      <Filter>Utility</Filter>
    </ClInclude>
    <ClInclude Include="Utility\StringUtils.h">
      <Filter>Utility</Filter>
    </ClInclude>
    <ClInclude Include="GameRules.h">
      <Filter>GameRules</Filter>
    </ClInclude>
    <ClInclude Include="Audio\BattleStatus.h">
      <Filter>Audio Files</Filter>
    </ClInclude>
    <ClInclude Include="Audio\GameAudio.h">
      <Filter>Audio Files</Filter>
    </ClInclude>
    <ClInclude Include="Audio\ScriptBind_GameAudio.h">
      <Filter>Audio Files</Filter>
    </ClInclude>
    <ClInclude Include="Audio\SoundMoods.h">
      <Filter>Audio Files</Filter>
    </ClInclude>
    <ClInclude Include="ClientGameTokenSynch.h">
      <Filter>GameToken</Filter>
    </ClInclude>
    <ClInclude Include="ServerGameTokenSynch.h">
      <Filter>GameToken</Filter>
    </ClInclude>
    <ClInclude Include="resource.h" />
    <ClInclude Include="StdAfx.h" />
  </ItemGroup>
  <ItemGroup>
    <None Include="GameActions.actions">
      <Filter>Game Files</Filter>
    </None>
    <None Include="Crysis.ico" />
    <None Include="..\Launcher\Cursor_White.cur" />
  </ItemGroup>
</Project>